<?xml version="1.0" encoding="utf-8"?>
<Project ToolsVersion="4.0" xmlns="http://schemas.microsoft.com/developer/msbuild/2003">
  <ItemGroup>
    <Filter Include="源文件">
      <UniqueIdentifier>{4FC737F1-C7A5-4376-A066-2A32D752A2FF}</UniqueIdentifier>
      <Extensions>cpp;c;cc;cxx;def;odl;idl;hpj;bat;asm;asmx</Extensions>
    </Filter>
    <Filter Include="头文件">
      <UniqueIdentifier>{93995380-89BD-4b04-88EB-625FBE52EBFB}</UniqueIdentifier>
      <Extensions>h;hpp;hxx;hm;inl;inc;xsd</Extensions>
    </Filter>
    <Filter Include="资源文件">
      <UniqueIdentifier>{67DA6AB6-F800-4c08-8B7A-83BB121AAD01}</UniqueIdentifier>
      <Extensions>rc;ico;cur;bmp;dlg;rc2;rct;bin;rgs;gif;jpg;jpeg;jpe;resx;tiff;tif;png;wav;mfcribbon-ms</Extensions>
    </Filter>
  </ItemGroup>
  <ItemGroup>
    <ClInclude Include="stdafx.h">
      <Filter>头文件</Filter>
    </ClInclude>
    <ClInclude Include="targetver.h">
      <Filter>头文件</Filter>
    </ClInclude>
    <ClInclude Include="Resource.h">
      <Filter>头文件</Filter>
    </ClInclude>
    <ClInclude Include="2DMapMask.h">
      <Filter>头文件</Filter>
    </ClInclude>
    <ClInclude Include="BackGround.h">
      <Filter>头文件</Filter>
    </ClInclude>
    <ClInclude Include="Layer.h">
      <Filter>头文件</Filter>
    </ClInclude>
    <ClInclude Include="Project.h">
      <Filter>头文件</Filter>
    </ClInclude>
    <ClInclude Include="DrawView.h">
      <Filter>头文件</Filter>
    </ClInclude>
    <ClInclude Include="DrawGrid.h">
      <Filter>头文件</Filter>
    </ClInclude>
    <ClInclude Include="MiniMap.h">
      <Filter>头文件</Filter>
    </ClInclude>
    <ClInclude Include="DataRecord.h">
      <Filter>头文件</Filter>
    </ClInclude>
  </ItemGroup>
  <ItemGroup>
    <ClCompile Include="stdafx.cpp">
      <Filter>源文件</Filter>
    </ClCompile>
    <ClCompile Include="2DMapMask.cpp">
      <Filter>源文件</Filter>
    </ClCompile>
    <ClCompile Include="BackGround.cpp">
      <Filter>源文件</Filter>
    </ClCompile>
    <ClCompile Include="Layer.cpp">
      <Filter>源文件</Filter>
    </ClCompile>
    <ClCompile Include="Project.cpp">
      <Filter>源文件</Filter>
    </ClCompile>
    <ClCompile Include="DrawView.cpp">
      <Filter>源文件</Filter>
    </ClCompile>
    <ClCompile Include="DrawGrid.cpp">
      <Filter>源文件</Filter>
    </ClCompile>
    <ClCompile Include="MiniMap.cpp">
      <Filter>源文件</Filter>
    </ClCompile>
    <ClCompile Include="DataRecord.cpp">
      <Filter>源文件</Filter>
    </ClCompile>
  </ItemGroup>
  <ItemGroup>
    <ResourceCompile Include="2DMapMask.rc">
      <Filter>资源文件</Filter>
    </ResourceCompile>
  </ItemGroup>
  <ItemGroup>
    <Image Include="small.ico">
      <Filter>资源文件</Filter>
    </Image>
    <Image Include="2DMapMask.ico">
      <Filter>资源文件</Filter>
    </Image>
    <Image Include="grass.png">
      <Filter>资源文件</Filter>
    </Image>
  </ItemGroup>
</Project>